
Microsoft Visual Studio Solution File, Format Version 12.00
# Visual Studio Version 16
VisualStudioVersion = 16.0.30114.105
MinimumVisualStudioVersion = 10.0.40219.1
Project("{FAE04EC0-301F-11D3-BF4B-00C04F79EFBC}") = "Assembly-CSharp", "Assembly-CSharp.csproj", "{95FA8C49-0CCD-253E-CA1A-69A79308D81A}"
EndProject
Project("{FAE04EC0-301F-11D3-BF4B-00C04F79EFBC}") = "Assembly-CSharp-Editor", "Assembly-CSharp-Editor.csproj", "{FC7F373E-DA56-FB8D-F288-9E189629748E}"
EndProject
Global
	GlobalSection(SolutionConfigurationPlatforms) = preSolution
		Debug|Any CPU = Debug|Any CPU
		Release|Any CPU = Release|Any CPU
	EndGlobalSection
	GlobalSection(ProjectConfigurationPlatforms) = postSolution
		{95FA8C49-0CCD-253E-CA1A-69A79308D81A}.Debug|Any CPU.ActiveCfg = Debug|Any CPU
		{95FA8C49-0CCD-253E-CA1A-69A79308D81A}.Debug|Any CPU.Build.0 = Debug|Any CPU
		{95FA8C49-0CCD-253E-CA1A-69A79308D81A}.Release|Any CPU.ActiveCfg = Release|Any CPU
		{95FA8C49-0CCD-253E-CA1A-69A79308D81A}.Release|Any CPU.Build.0 = Release|Any CPU
		{FC7F373E-DA56-FB8D-F288-9E189629748E}.Debug|Any CPU.ActiveCfg = Debug|Any CPU
		{FC7F373E-DA56-FB8D-F288-9E189629748E}.Debug|Any CPU.Build.0 = Debug|Any CPU
		{FC7F373E-DA56-FB8D-F288-9E189629748E}.Release|Any CPU.ActiveCfg = Release|Any CPU
		{FC7F373E-DA56-FB8D-F288-9E189629748E}.Release|Any CPU.Build.0 = Release|Any CPU
	EndGlobalSection
	GlobalSection(SolutionProperties) = preSolution
		HideSolutionNode = FALSE
	EndGlobalSection
	GlobalSection(ExtensibilityGlobals) = postSolution
		SolutionGuid = {628FFCA5-244D-45E9-A880-373FB13DB64D}
	EndGlobalSection
	GlobalSection(MonoDevelopProperties) = preSolution
		StartupItem = Assembly-CSharp.csproj
	EndGlobalSection
EndGlobal
